
Microsoft Visual Studio Solution File, Format Version 12.00
# Visual Studio Version 17
VisualStudioVersion = 17.13.35913.81 d17.13
MinimumVisualStudioVersion = 10.0.40219.1
Project("{FAE04EC0-301F-11D3-BF4B-00C04F79EFBC}") = "Polynomials", "Polynomials\Polynomials.csproj", "{61251A74-09F0-46FC-8C2A-9AD758BD44B5}"
EndProject
Global
	GlobalSection(SolutionConfigurationPlatforms) = preSolution
		Debug|Any CPU = Debug|Any CPU
		Release|Any CPU = Release|Any CPU
	EndGlobalSection
	GlobalSection(ProjectConfigurationPlatforms) = postSolution
		{61251A74-09F0-46FC-8C2A-9AD758BD44B5}.Debug|Any CPU.ActiveCfg = Debug|Any CPU
		{61251A74-09F0-46FC-8C2A-9AD758BD44B5}.Debug|Any CPU.Build.0 = Debug|Any CPU
		{61251A74-09F0-46FC-8C2A-9AD758BD44B5}.Release|Any CPU.ActiveCfg = Release|Any CPU
		{61251A74-09F0-46FC-8C2A-9AD758BD44B5}.Release|Any CPU.Build.0 = Release|Any CPU
	EndGlobalSection
	GlobalSection(SolutionProperties) = preSolution
		HideSolutionNode = FALSE
	EndGlobalSection
	GlobalSection(ExtensibilityGlobals) = postSolution
		SolutionGuid = {EAFF2AF8-7813-478D-B7EA-6C2DB768CE4B}
	EndGlobalSection
EndGlobal
